
Microsoft Visual Studio Solution File, Format Version 12.00
# Visual Studio Version 17
VisualStudioVersion = 17.1.32328.378
MinimumVisualStudioVersion = 10.0.40219.1
Project("{F184B08F-C81C-45F6-A57F-5ABD9991F28F}") = "Checkpoint", "Checkpoint.vbproj", "{8FC1000C-6727-421E-B0F6-E2D21528E2DE}"
EndProject
Global
	GlobalSection(SolutionConfigurationPlatforms) = preSolution
		Debug|ARM = Debug|ARM
		Debug|ARM64 = Debug|ARM64
		Debug|x64 = Debug|x64
		Debug|x86 = Debug|x86
		Release|ARM = Release|ARM
		Release|ARM64 = Release|ARM64
		Release|x64 = Release|x64
		Release|x86 = Release|x86
	EndGlobalSection
	GlobalSection(ProjectConfigurationPlatforms) = postSolution
		{8FC1000C-6727-421E-B0F6-E2D21528E2DE}.Debug|ARM.ActiveCfg = Debug|ARM
		{8FC1000C-6727-421E-B0F6-E2D21528E2DE}.Debug|ARM.Build.0 = Debug|ARM
		{8FC1000C-6727-421E-B0F6-E2D21528E2DE}.Debug|ARM.Deploy.0 = Debug|ARM
		{8FC1000C-6727-421E-B0F6-E2D21528E2DE}.Debug|ARM64.ActiveCfg = Debug|ARM64
		{8FC1000C-6727-421E-B0F6-E2D21528E2DE}.Debug|ARM64.Build.0 = Debug|ARM64
		{8FC1000C-6727-421E-B0F6-E2D21528E2DE}.Debug|ARM64.Deploy.0 = Debug|ARM64
		{8FC1000C-6727-421E-B0F6-E2D21528E2DE}.Debug|x64.ActiveCfg = Debug|x64
		{8FC1000C-6727-421E-B0F6-E2D21528E2DE}.Debug|x64.Build.0 = Debug|x64
		{8FC1000C-6727-421E-B0F6-E2D21528E2DE}.Debug|x64.Deploy.0 = Debug|x64
		{8FC1000C-6727-421E-B0F6-E2D21528E2DE}.Debug|x86.ActiveCfg = Debug|x86
		{8FC1000C-6727-421E-B0F6-E2D21528E2DE}.Debug|x86.Build.0 = Debug|x86
		{8FC1000C-6727-421E-B0F6-E2D21528E2DE}.Debug|x86.Deploy.0 = Debug|x86
		{8FC1000C-6727-421E-B0F6-E2D21528E2DE}.Release|ARM.ActiveCfg = Release|ARM
		{8FC1000C-6727-421E-B0F6-E2D21528E2DE}.Release|ARM.Build.0 = Release|ARM
		{8FC1000C-6727-421E-B0F6-E2D21528E2DE}.Release|ARM.Deploy.0 = Release|ARM
		{8FC1000C-6727-421E-B0F6-E2D21528E2DE}.Release|ARM64.ActiveCfg = Release|ARM64
		{8FC1000C-6727-421E-B0F6-E2D21528E2DE}.Release|ARM64.Build.0 = Release|ARM64
		{8FC1000C-6727-421E-B0F6-E2D21528E2DE}.Release|ARM64.Deploy.0 = Release|ARM64
		{8FC1000C-6727-421E-B0F6-E2D21528E2DE}.Release|x64.ActiveCfg = Release|x64
		{8FC1000C-6727-421E-B0F6-E2D21528E2DE}.Release|x64.Build.0 = Release|x64
		{8FC1000C-6727-421E-B0F6-E2D21528E2DE}.Release|x64.Deploy.0 = Release|x64
		{8FC1000C-6727-421E-B0F6-E2D21528E2DE}.Release|x86.ActiveCfg = Release|x86
		{8FC1000C-6727-421E-B0F6-E2D21528E2DE}.Release|x86.Build.0 = Release|x86
		{8FC1000C-6727-421E-B0F6-E2D21528E2DE}.Release|x86.Deploy.0 = Release|x86
	EndGlobalSection
	GlobalSection(SolutionProperties) = preSolution
		HideSolutionNode = FALSE
	EndGlobalSection
	GlobalSection(ExtensibilityGlobals) = postSolution
		SolutionGuid = {42932D60-81C3-42CB-A8B9-2F57ED039CE5}
	EndGlobalSection
EndGlobal
